
Microsoft Visual Studio Solution File, Format Version 12.00
# Visual Studio Version 17
VisualStudioVersion = 17.0.31903.59
MinimumVisualStudioVersion = 10.0.40219.1
Project("{2150E333-8FDC-42A3-9474-1A3956D46DE8}") = "src", "src", "{9DA020FD-89F9-4535-A153-5F95331F4C3D}"
EndProject
Project("{9A19103F-16F7-4668-BE54-9A1E7A4F7556}") = "DeclaredPersonsAnalyzer", "src\DeclaredPersonsAnalyzer\DeclaredPersonsAnalyzer.csproj", "{31317CDD-BAF0-40A7-80AF-169A530C152E}"
EndProject
Project("{2150E333-8FDC-42A3-9474-1A3956D46DE8}") = "tests", "tests", "{C92908C4-CEEF-48E5-9B96-CBABC7361EFD}"
EndProject
Project("{2150E333-8FDC-42A3-9474-1A3956D46DE8}") = "Infrastructure", "Infrastructure", "{F24F81B7-CF34-4DB9-BDE6-0CA19409AFD5}"
EndProject
Project("{2150E333-8FDC-42A3-9474-1A3956D46DE8}") = "Core", "Core", "{A5795088-E69B-47A7-A5BB-2480544F24C2}"
EndProject
Project("{9A19103F-16F7-4668-BE54-9A1E7A4F7556}") = "Application", "src\Application\Application.csproj", "{930322AA-F90F-4450-8BD9-83E9D89E3494}"
EndProject
Project("{9A19103F-16F7-4668-BE54-9A1E7A4F7556}") = "Infrastructure", "src\Infrastructure\Infrastructure.csproj", "{9C7184AE-DFC2-4D7C-BC2F-90E8990C7614}"
EndProject
Project("{9A19103F-16F7-4668-BE54-9A1E7A4F7556}") = "Infrastructure.Shared", "src\Infrastructure.Shared\Infrastructure.Shared.csproj", "{A275E7B1-8952-4222-BC02-C25F90651AF2}"
EndProject
Project("{9A19103F-16F7-4668-BE54-9A1E7A4F7556}") = "Domain", "src\Domain\Domain.csproj", "{02183CDB-5530-440E-B03B-546BD35E51B6}"
EndProject
Project("{2150E333-8FDC-42A3-9474-1A3956D46DE8}") = "Adapters", "Adapters", "{9327BD9B-15E3-4C70-81B8-5E4979C46DBC}"
EndProject
Project("{9A19103F-16F7-4668-BE54-9A1E7A4F7556}") = "DeclaredPersonsAdapter.Application", "src\Adapters\DeclaredPersonsAdapter\DeclaredPersonsAdapter.Application\DeclaredPersonsAdapter.Application.csproj", "{2A1CEF6E-F7E0-49FC-BB26-569872319801}"
EndProject
Project("{9A19103F-16F7-4668-BE54-9A1E7A4F7556}") = "DeclaredPersonsAdapter.Infrastructure", "src\Adapters\DeclaredPersonsAdapter\DeclaredPersonsAdapter.Infrastructure\DeclaredPersonsAdapter.Infrastructure.csproj", "{371D82E7-EBD3-4FFE-A7E4-9077BC212C98}"
EndProject
Project("{9A19103F-16F7-4668-BE54-9A1E7A4F7556}") = "Application.UnitTests", "tests\UnitTests\Application.UnitTests\Application.UnitTests.csproj", "{3970D74D-6AC5-4388-8F00-695464B633B9}"
EndProject
Project("{2150E333-8FDC-42A3-9474-1A3956D46DE8}") = "AcceptanceTests", "AcceptanceTests", "{7C3A1865-2E69-4961-9991-8A84E851DF35}"
EndProject
Project("{2150E333-8FDC-42A3-9474-1A3956D46DE8}") = "FunctionalTests", "FunctionalTests", "{36654845-EC5F-4E6F-832C-A776BD323F19}"
EndProject
Project("{2150E333-8FDC-42A3-9474-1A3956D46DE8}") = "IntegrationTests", "IntegrationTests", "{89445C8E-16EB-4862-AE30-08690BF763DD}"
EndProject
Project("{2150E333-8FDC-42A3-9474-1A3956D46DE8}") = "UnitTests", "UnitTests", "{6F2AE851-40EF-40D7-9293-9EF1645E4541}"
EndProject
Project("{2150E333-8FDC-42A3-9474-1A3956D46DE8}") = "Adapters", "Adapters", "{680CA5F0-DDA6-443E-9BC7-CEECD7DDD6DA}"
EndProject
Project("{9A19103F-16F7-4668-BE54-9A1E7A4F7556}") = "Domain.UnitTests", "tests\UnitTests\Domain.UnitTests\Domain.UnitTests.csproj", "{3DDBAC8B-AA5D-49F9-A525-40CFA5D14709}"
EndProject
Project("{9A19103F-16F7-4668-BE54-9A1E7A4F7556}") = "Adapters.Shared", "src\Adapters\Adapters.Shared\Adapters.Shared.csproj", "{A01F733E-CF72-4FF2-A921-D55A1A1F3CCE}"
EndProject
Project("{9A19103F-16F7-4668-BE54-9A1E7A4F7556}") = "Shared", "src\Shared\Shared.csproj", "{F6CC5FC6-A6DC-4775-8B29-9AC6D2251E3D}"
EndProject
Project("{2150E333-8FDC-42A3-9474-1A3956D46DE8}") = "Adapters", "Adapters", "{A9F5664E-D0EB-4673-8DD9-364F1F2A97FE}"
EndProject
Project("{9A19103F-16F7-4668-BE54-9A1E7A4F7556}") = "DeclaredPersonsAdapter.IntegrationTests", "tests\IntegrationTests\Adapters\DeclaredPersonsAdapter.IntegrationTests\DeclaredPersonsAdapter.IntegrationTests.csproj", "{BA5624A5-FBBA-4092-B96F-339D964D37B8}"
EndProject
Global
	GlobalSection(SolutionConfigurationPlatforms) = preSolution
		Debug|Any CPU = Debug|Any CPU
		Release|Any CPU = Release|Any CPU
	EndGlobalSection
	GlobalSection(ProjectConfigurationPlatforms) = postSolution
		{31317CDD-BAF0-40A7-80AF-169A530C152E}.Debug|Any CPU.ActiveCfg = Debug|Any CPU
		{31317CDD-BAF0-40A7-80AF-169A530C152E}.Debug|Any CPU.Build.0 = Debug|Any CPU
		{31317CDD-BAF0-40A7-80AF-169A530C152E}.Release|Any CPU.ActiveCfg = Release|Any CPU
		{31317CDD-BAF0-40A7-80AF-169A530C152E}.Release|Any CPU.Build.0 = Release|Any CPU
		{930322AA-F90F-4450-8BD9-83E9D89E3494}.Debug|Any CPU.ActiveCfg = Debug|Any CPU
		{930322AA-F90F-4450-8BD9-83E9D89E3494}.Debug|Any CPU.Build.0 = Debug|Any CPU
		{930322AA-F90F-4450-8BD9-83E9D89E3494}.Release|Any CPU.ActiveCfg = Release|Any CPU
		{930322AA-F90F-4450-8BD9-83E9D89E3494}.Release|Any CPU.Build.0 = Release|Any CPU
		{9C7184AE-DFC2-4D7C-BC2F-90E8990C7614}.Debug|Any CPU.ActiveCfg = Debug|Any CPU
		{9C7184AE-DFC2-4D7C-BC2F-90E8990C7614}.Debug|Any CPU.Build.0 = Debug|Any CPU
		{9C7184AE-DFC2-4D7C-BC2F-90E8990C7614}.Release|Any CPU.ActiveCfg = Release|Any CPU
		{9C7184AE-DFC2-4D7C-BC2F-90E8990C7614}.Release|Any CPU.Build.0 = Release|Any CPU
		{A275E7B1-8952-4222-BC02-C25F90651AF2}.Debug|Any CPU.ActiveCfg = Debug|Any CPU
		{A275E7B1-8952-4222-BC02-C25F90651AF2}.Debug|Any CPU.Build.0 = Debug|Any CPU
		{A275E7B1-8952-4222-BC02-C25F90651AF2}.Release|Any CPU.ActiveCfg = Release|Any CPU
		{A275E7B1-8952-4222-BC02-C25F90651AF2}.Release|Any CPU.Build.0 = Release|Any CPU
		{02183CDB-5530-440E-B03B-546BD35E51B6}.Debug|Any CPU.ActiveCfg = Debug|Any CPU
		{02183CDB-5530-440E-B03B-546BD35E51B6}.Debug|Any CPU.Build.0 = Debug|Any CPU
		{02183CDB-5530-440E-B03B-546BD35E51B6}.Release|Any CPU.ActiveCfg = Release|Any CPU
		{02183CDB-5530-440E-B03B-546BD35E51B6}.Release|Any CPU.Build.0 = Release|Any CPU
		{2A1CEF6E-F7E0-49FC-BB26-569872319801}.Debug|Any CPU.ActiveCfg = Debug|Any CPU
		{2A1CEF6E-F7E0-49FC-BB26-569872319801}.Debug|Any CPU.Build.0 = Debug|Any CPU
		{2A1CEF6E-F7E0-49FC-BB26-569872319801}.Release|Any CPU.ActiveCfg = Release|Any CPU
		{2A1CEF6E-F7E0-49FC-BB26-569872319801}.Release|Any CPU.Build.0 = Release|Any CPU
		{371D82E7-EBD3-4FFE-A7E4-9077BC212C98}.Debug|Any CPU.ActiveCfg = Debug|Any CPU
		{371D82E7-EBD3-4FFE-A7E4-9077BC212C98}.Debug|Any CPU.Build.0 = Debug|Any CPU
		{371D82E7-EBD3-4FFE-A7E4-9077BC212C98}.Release|Any CPU.ActiveCfg = Release|Any CPU
		{371D82E7-EBD3-4FFE-A7E4-9077BC212C98}.Release|Any CPU.Build.0 = Release|Any CPU
		{3970D74D-6AC5-4388-8F00-695464B633B9}.Debug|Any CPU.ActiveCfg = Debug|Any CPU
		{3970D74D-6AC5-4388-8F00-695464B633B9}.Debug|Any CPU.Build.0 = Debug|Any CPU
		{3970D74D-6AC5-4388-8F00-695464B633B9}.Release|Any CPU.ActiveCfg = Release|Any CPU
		{3970D74D-6AC5-4388-8F00-695464B633B9}.Release|Any CPU.Build.0 = Release|Any CPU
		{3DDBAC8B-AA5D-49F9-A525-40CFA5D14709}.Debug|Any CPU.ActiveCfg = Debug|Any CPU
		{3DDBAC8B-AA5D-49F9-A525-40CFA5D14709}.Debug|Any CPU.Build.0 = Debug|Any CPU
		{3DDBAC8B-AA5D-49F9-A525-40CFA5D14709}.Release|Any CPU.ActiveCfg = Release|Any CPU
		{3DDBAC8B-AA5D-49F9-A525-40CFA5D14709}.Release|Any CPU.Build.0 = Release|Any CPU
		{A01F733E-CF72-4FF2-A921-D55A1A1F3CCE}.Debug|Any CPU.ActiveCfg = Debug|Any CPU
		{A01F733E-CF72-4FF2-A921-D55A1A1F3CCE}.Debug|Any CPU.Build.0 = Debug|Any CPU
		{A01F733E-CF72-4FF2-A921-D55A1A1F3CCE}.Release|Any CPU.ActiveCfg = Release|Any CPU
		{A01F733E-CF72-4FF2-A921-D55A1A1F3CCE}.Release|Any CPU.Build.0 = Release|Any CPU
		{F6CC5FC6-A6DC-4775-8B29-9AC6D2251E3D}.Debug|Any CPU.ActiveCfg = Debug|Any CPU
		{F6CC5FC6-A6DC-4775-8B29-9AC6D2251E3D}.Debug|Any CPU.Build.0 = Debug|Any CPU
		{F6CC5FC6-A6DC-4775-8B29-9AC6D2251E3D}.Release|Any CPU.ActiveCfg = Release|Any CPU
		{F6CC5FC6-A6DC-4775-8B29-9AC6D2251E3D}.Release|Any CPU.Build.0 = Release|Any CPU
		{BA5624A5-FBBA-4092-B96F-339D964D37B8}.Debug|Any CPU.ActiveCfg = Debug|Any CPU
		{BA5624A5-FBBA-4092-B96F-339D964D37B8}.Debug|Any CPU.Build.0 = Debug|Any CPU
		{BA5624A5-FBBA-4092-B96F-339D964D37B8}.Release|Any CPU.ActiveCfg = Release|Any CPU
		{BA5624A5-FBBA-4092-B96F-339D964D37B8}.Release|Any CPU.Build.0 = Release|Any CPU
	EndGlobalSection
	GlobalSection(SolutionProperties) = preSolution
		HideSolutionNode = FALSE
	EndGlobalSection
	GlobalSection(NestedProjects) = preSolution
		{31317CDD-BAF0-40A7-80AF-169A530C152E} = {9DA020FD-89F9-4535-A153-5F95331F4C3D}
		{F24F81B7-CF34-4DB9-BDE6-0CA19409AFD5} = {9DA020FD-89F9-4535-A153-5F95331F4C3D}
		{A5795088-E69B-47A7-A5BB-2480544F24C2} = {9DA020FD-89F9-4535-A153-5F95331F4C3D}
		{930322AA-F90F-4450-8BD9-83E9D89E3494} = {A5795088-E69B-47A7-A5BB-2480544F24C2}
		{9C7184AE-DFC2-4D7C-BC2F-90E8990C7614} = {F24F81B7-CF34-4DB9-BDE6-0CA19409AFD5}
		{A275E7B1-8952-4222-BC02-C25F90651AF2} = {F24F81B7-CF34-4DB9-BDE6-0CA19409AFD5}
		{02183CDB-5530-440E-B03B-546BD35E51B6} = {A5795088-E69B-47A7-A5BB-2480544F24C2}
		{9327BD9B-15E3-4C70-81B8-5E4979C46DBC} = {9DA020FD-89F9-4535-A153-5F95331F4C3D}
		{2A1CEF6E-F7E0-49FC-BB26-569872319801} = {9327BD9B-15E3-4C70-81B8-5E4979C46DBC}
		{371D82E7-EBD3-4FFE-A7E4-9077BC212C98} = {9327BD9B-15E3-4C70-81B8-5E4979C46DBC}
		{3970D74D-6AC5-4388-8F00-695464B633B9} = {C92908C4-CEEF-48E5-9B96-CBABC7361EFD}
		{7C3A1865-2E69-4961-9991-8A84E851DF35} = {C92908C4-CEEF-48E5-9B96-CBABC7361EFD}
		{36654845-EC5F-4E6F-832C-A776BD323F19} = {C92908C4-CEEF-48E5-9B96-CBABC7361EFD}
		{89445C8E-16EB-4862-AE30-08690BF763DD} = {C92908C4-CEEF-48E5-9B96-CBABC7361EFD}
		{6F2AE851-40EF-40D7-9293-9EF1645E4541} = {C92908C4-CEEF-48E5-9B96-CBABC7361EFD}
		{680CA5F0-DDA6-443E-9BC7-CEECD7DDD6DA} = {6F2AE851-40EF-40D7-9293-9EF1645E4541}
		{3DDBAC8B-AA5D-49F9-A525-40CFA5D14709} = {6F2AE851-40EF-40D7-9293-9EF1645E4541}
		{A01F733E-CF72-4FF2-A921-D55A1A1F3CCE} = {9327BD9B-15E3-4C70-81B8-5E4979C46DBC}
		{F6CC5FC6-A6DC-4775-8B29-9AC6D2251E3D} = {9DA020FD-89F9-4535-A153-5F95331F4C3D}
		{A9F5664E-D0EB-4673-8DD9-364F1F2A97FE} = {89445C8E-16EB-4862-AE30-08690BF763DD}
		{BA5624A5-FBBA-4092-B96F-339D964D37B8} = {A9F5664E-D0EB-4673-8DD9-364F1F2A97FE}
	EndGlobalSection
	GlobalSection(ExtensibilityGlobals) = postSolution
		SolutionGuid = {19C7C4D7-E20D-4F85-9C6C-4B2E64BB04B7}
	EndGlobalSection
EndGlobal
